
Microsoft Visual Studio Solution File, Format Version 12.00
# Visual Studio Version 16
VisualStudioVersion = 16.0.31410.357
MinimumVisualStudioVersion = 10.0.40219.1
Project("{FAE04EC0-301F-11D3-BF4B-00C04F79EFBC}") = "BlackjackSwitchCalculator", "BlackjackSwitchCalculator\BlackjackSwitchCalculator.csproj", "{3DD5FB52-2DA0-4513-8DF6-6986EB3C654E}"
EndProject
Global
	GlobalSection(SolutionConfigurationPlatforms) = preSolution
		Debug|Any CPU = Debug|Any CPU
		Release|Any CPU = Release|Any CPU
	EndGlobalSection
	GlobalSection(ProjectConfigurationPlatforms) = postSolution
		{3DD5FB52-2DA0-4513-8DF6-6986EB3C654E}.Debug|Any CPU.ActiveCfg = Debug|Any CPU
		{3DD5FB52-2DA0-4513-8DF6-6986EB3C654E}.Debug|Any CPU.Build.0 = Debug|Any CPU
		{3DD5FB52-2DA0-4513-8DF6-6986EB3C654E}.Release|Any CPU.ActiveCfg = Release|Any CPU
		{3DD5FB52-2DA0-4513-8DF6-6986EB3C654E}.Release|Any CPU.Build.0 = Release|Any CPU
	EndGlobalSection
	GlobalSection(SolutionProperties) = preSolution
		HideSolutionNode = FALSE
	EndGlobalSection
	GlobalSection(ExtensibilityGlobals) = postSolution
		SolutionGuid = {25B9407A-E8E8-493B-B129-A9D2EF879FC4}
	EndGlobalSection
EndGlobal
